hash: d720f56bdba86fc333587b514692d5285f039f4ca150698da9b2ae1cf44993d4
updated: 2018-01-18T12:28:33.100147-05:00
imports:
- name: github.com/DataDog/datadog-go
  version: 4d2e5696ebe914940bd7459d2266fb7d555ea1b7
  subpackages:
  - statsd
- name: github.com/golang/snappy
  version: 553a641470496b2327abcac10b36396bd98e45c9
- name: github.com/influxdata/influxdb
  version: 9591ecf8061179f15fd87f513dbc57783adbc0ec
  subpackages:
  - client/v2
  - models
  - pkg/escape
- name: github.com/satori/go.uuid
  version: f58768cc1a7a7e77a3bd49e98cdd21419399b6a3
- name: github.com/securityscorecard/go-stats
  version: ad853b8c7e7bb1cd077ec69f76ce8a199965c36e
- name: github.com/serenize/snaker
  version: a683aaf2d516deecd70cad0c72e3ca773ecfcef0
testImports:
- name: github.com/davecgh/go-spew
  version: 346938d642f2ec3594ed81d874461961cd0faa76
  subpackages:
  - spew
- name: github.com/linkedin/goavro
  version: 45b9a0062a837ab3214741a91bff89e2a2e4fae6
- name: github.com/pmezard/go-difflib
  version: 792786c7400a136282c1664665ae0a8db921c6c2
  subpackages:
  - difflib
- name: github.com/stretchr/testify
  version: b91bfb9ebec76498946beb6af7c0230c7cc7ba6c
  subpackages:
  - assert
